
Microsoft Visual Studio Solution File, Format Version 12.00
# Visual Studio Version 17
VisualStudioVersion = 17.0.31903.59
MinimumVisualStudioVersion = 10.0.40219.1
Project("{FAE04EC0-301F-11D3-BF4B-00C04F79EFBC}") = "eCommerce.API", "eCommerce.API\eCommerce.API.csproj", "{08A9E107-D2C6-4A59-B912-C26B52D83F11}"
EndProject
Project("{FAE04EC0-301F-11D3-BF4B-00C04F79EFBC}") = "eCommerce.Infrastructure", "eCommerce.Infrastructure\eCommerce.Infrastructure.csproj", "{2CBDD296-266E-498F-B25D-C16E94D67D70}"
EndProject
Project("{FAE04EC0-301F-11D3-BF4B-00C04F79EFBC}") = "eCommerce.Core", "eCommerce.Core\eCommerce.Core.csproj", "{E2A36576-DA0F-48FB-BE1C-436FFDB34838}"
EndProject
Global
	GlobalSection(SolutionConfigurationPlatforms) = preSolution
		Debug|Any CPU = Debug|Any CPU
		Release|Any CPU = Release|Any CPU
	EndGlobalSection
	GlobalSection(SolutionProperties) = preSolution
		HideSolutionNode = FALSE
	EndGlobalSection
	GlobalSection(ProjectConfigurationPlatforms) = postSolution
		{08A9E107-D2C6-4A59-B912-C26B52D83F11}.Debug|Any CPU.ActiveCfg = Debug|Any CPU
		{08A9E107-D2C6-4A59-B912-C26B52D83F11}.Debug|Any CPU.Build.0 = Debug|Any CPU
		{08A9E107-D2C6-4A59-B912-C26B52D83F11}.Release|Any CPU.ActiveCfg = Release|Any CPU
		{08A9E107-D2C6-4A59-B912-C26B52D83F11}.Release|Any CPU.Build.0 = Release|Any CPU
		{2CBDD296-266E-498F-B25D-C16E94D67D70}.Debug|Any CPU.ActiveCfg = Debug|Any CPU
		{2CBDD296-266E-498F-B25D-C16E94D67D70}.Debug|Any CPU.Build.0 = Debug|Any CPU
		{2CBDD296-266E-498F-B25D-C16E94D67D70}.Release|Any CPU.ActiveCfg = Release|Any CPU
		{2CBDD296-266E-498F-B25D-C16E94D67D70}.Release|Any CPU.Build.0 = Release|Any CPU
		{E2A36576-DA0F-48FB-BE1C-436FFDB34838}.Debug|Any CPU.ActiveCfg = Debug|Any CPU
		{E2A36576-DA0F-48FB-BE1C-436FFDB34838}.Debug|Any CPU.Build.0 = Debug|Any CPU
		{E2A36576-DA0F-48FB-BE1C-436FFDB34838}.Release|Any CPU.ActiveCfg = Release|Any CPU
		{E2A36576-DA0F-48FB-BE1C-436FFDB34838}.Release|Any CPU.Build.0 = Release|Any CPU
	EndGlobalSection
EndGlobal
